// !$*UTF8*$!
{
	archiveVersion = 1;
	classes = {
	};
	objectVersion = 46;
	objects = {

/* Begin PBXBuildFile section */
		C31CE10918EB34580037B94D /* Foundation.framework in Frameworks */ = {isa = PBXBuildFile; fileRef = C31CE10818EB34580037B94D /* Foundation.framework */; };
		C31CE10B18EB34580037B94D /* CoreGraphics.framework in Frameworks */ = {isa = PBXBuildFile; fileRef = C31CE10A18EB34580037B94D /* CoreGraphics.framework */; };
		C31CE10D18EB34580037B94D /* UIKit.framework in Frameworks */ = {isa = PBXBuildFile; fileRef = C31CE10C18EB34580037B94D /* UIKit.framework */; };
		C31CE11318EB34580037B94D /* InfoPlist.strings in Resources */ = {isa = PBXBuildFile; fileRef = C31CE11118EB34580037B94D /* InfoPlist.strings */; };
		C31CE11518EB34580037B94D /* main.m in Sources */ = {isa = PBXBuildFile; fileRef = C31CE11418EB34580037B94D /* main.m */; };
		C31CE11918EB34580037B94D /* CARAppAppDelegate.m in Sources */ = {isa = PBXBuildFile; fileRef = C31CE11818EB34580037B94D /* CARAppAppDelegate.m */; };
		C31CE11B18EB34580037B94D /* Images.xcassets in Resources */ = {isa = PBXBuildFile; fileRef = C31CE11A18EB34580037B94D /* Images.xcassets */; };
		C31CE12218EB34580037B94D /* XCTest.framework in Frameworks */ = {isa = PBXBuildFile; fileRef = C31CE12118EB34580037B94D /* XCTest.framework */; };
		C31CE12318EB34580037B94D /* Foundation.framework in Frameworks */ = {isa = PBXBuildFile; fileRef = C31CE10818EB34580037B94D /* Foundation.framework */; };
		C31CE12418EB34580037B94D /* UIKit.framework in Frameworks */ = {isa = PBXBuildFile; fileRef = C31CE10C18EB34580037B94D /* UIKit.framework */; };
		C31CE12C18EB34580037B94D /* InfoPlist.strings in Resources */ = {isa = PBXBuildFile; fileRef = C31CE12A18EB34580037B94D /* InfoPlist.strings */; };
		C31CE12E18EB34580037B94D /* A_Car_AppTests.m in Sources */ = {isa = PBXBuildFile; fileRef = C31CE12D18EB34580037B94D /* A_Car_AppTests.m */; };
		C31CE13918EB35360037B94D /* CARRootViewController.m in Sources */ = {isa = PBXBuildFile; fileRef = C31CE13818EB35360037B94D /* CARRootViewController.m */; };
		C31CE13C18EB37AB0037B94D /* CARWheel.m in Sources */ = {isa = PBXBuildFile; fileRef = C31CE13B18EB37AB0037B94D /* CARWheel.m */; };
		C31CE13F18EB38080037B94D /* CARBumper.m in Sources */ = {isa = PBXBuildFile; fileRef = C31CE13E18EB38080037B94D /* CARBumper.m */; };
		C31CE14218EB381E0037B94D /* CARWindow.m in Sources */ = {isa = PBXBuildFile; fileRef = C31CE14118EB381E0037B94D /* CARWindow.m */; };
		C31CE14518EB38AD0037B94D /* CARIgnition.m in Sources */ = {isa = PBXBuildFile; fileRef = C31CE14418EB38AD0037B94D /* CARIgnition.m */; };
		C31CE14818EB38FF0037B94D /* CARGas.m in Sources */ = {isa = PBXBuildFile; fileRef = C31CE14718EB38FF0037B94D /* CARGas.m */; };
		C31CE14E18EB393D0037B94D /* CARBrake.m in Sources */ = {isa = PBXBuildFile; fileRef = C31CE14D18EB393D0037B94D /* CARBrake.m */; };
/* End PBXBuildFile section */

/* Begin PBXContainerItemProxy section */
		C31CE12518EB34580037B94D /* PBXContainerItemProxy */ = {
			isa = PBXContainerItemProxy;
			containerPortal = C31CE0FD18EB34580037B94D /* Project object */;
			proxyType = 1;
			remoteGlobalIDString = C31CE10418EB34580037B94D;
			remoteInfo = "A Car App";
		};
/* End PBXContainerItemProxy section */

/* Begin PBXFileReference section */
		C31CE10518EB34580037B94D /* A Car App.app */ = {isa = PBXFileReference; explicitFileType = wrapper.application; includeInIndex = 0; path = "A Car App.app"; sourceTree = BUILT_PRODUCTS_DIR; };
		C31CE10818EB34580037B94D /* Foundation.framework */ = {isa = PBXFileReference; lastKnownFileType = wrapper.framework; name = Foundation.framework; path = System/Library/Frameworks/Foundation.framework; sourceTree = SDKROOT; };
		C31CE10A18EB34580037B94D /* CoreGraphics.framework */ = {isa = PBXFileReference; lastKnownFileType = wrapper.framework; name = CoreGraphics.framework; path = System/Library/Frameworks/CoreGraphics.framework; sourceTree = SDKROOT; };
		C31CE10C18EB34580037B94D /* UIKit.framework */ = {isa = PBXFileReference; lastKnownFileType = wrapper.framework; name = UIKit.framework; path = System/Library/Frameworks/UIKit.framework; sourceTree = SDKROOT; };
		C31CE11018EB34580037B94D /* A Car App-Info.plist */ = {isa = PBXFileReference; lastKnownFileType = text.plist.xml; path = "A Car App-Info.plist"; sourceTree = "<group>"; };
		C31CE11218EB34580037B94D /* en */ = {isa = PBXFileReference; lastKnownFileType = text.plist.strings; name = en; path = en.lproj/InfoPlist.strings; sourceTree = "<group>"; };
		C31CE11418EB34580037B94D /* main.m */ = {isa = PBXFileReference; lastKnownFileType = sourcecode.c.objc; path = main.m; sourceTree = "<group>"; };
		C31CE11618EB34580037B94D /* A Car App-Prefix.pch */ = {isa = PBXFileReference; lastKnownFileType = sourcecode.c.h; path = "A Car App-Prefix.pch"; sourceTree = "<group>"; };
		C31CE11718EB34580037B94D /* CARAppAppDelegate.h */ = {isa = PBXFileReference; lastKnownFileType = sourcecode.c.h; path = CARAppAppDelegate.h; sourceTree = "<group>"; };
		C31CE11818EB34580037B94D /* CARAppAppDelegate.m */ = {isa = PBXFileReference; lastKnownFileType = sourcecode.c.objc; path = CARAppAppDelegate.m; sourceTree = "<group>"; };
		C31CE11A18EB34580037B94D /* Images.xcassets */ = {isa = PBXFileReference; lastKnownFileType = folder.assetcatalog; path = Images.xcassets; sourceTree = "<group>"; };
		C31CE12018EB34580037B94D /* A Car AppTests.xctest */ = {isa = PBXFileReference; explicitFileType = wrapper.cfbundle; includeInIndex = 0; path = "A Car AppTests.xctest"; sourceTree = BUILT_PRODUCTS_DIR; };
		C31CE12118EB34580037B94D /* XCTest.framework */ = {isa = PBXFileReference; lastKnownFileType = wrapper.framework; name = XCTest.framework; path = Library/Frameworks/XCTest.framework; sourceTree = DEVELOPER_DIR; };
		C31CE12918EB34580037B94D /* A Car AppTests-Info.plist */ = {isa = PBXFileReference; lastKnownFileType = text.plist.xml; path = "A Car AppTests-Info.plist"; sourceTree = "<group>"; };
		C31CE12B18EB34580037B94D /* en */ = {isa = PBXFileReference; lastKnownFileType = text.plist.strings; name = en; path = en.lproj/InfoPlist.strings; sourceTree = "<group>"; };
		C31CE12D18EB34580037B94D /* A_Car_AppTests.m */ = {isa = PBXFileReference; lastKnownFileType = sourcecode.c.objc; path = A_Car_AppTests.m; sourceTree = "<group>"; };
		C31CE13718EB35360037B94D /* CARRootViewController.h */ = {isa = PBXFileReference; fileEncoding = 4; lastKnownFileType = sourcecode.c.h; path = CARRootViewController.h; sourceTree = "<group>"; };
		C31CE13818EB35360037B94D /* CARRootViewController.m */ = {isa = PBXFileReference; fileEncoding = 4; lastKnownFileType = sourcecode.c.objc; path = CARRootViewController.m; sourceTree = "<group>"; };
		C31CE13A18EB37AB0037B94D /* CARWheel.h */ = {isa = PBXFileReference; fileEncoding = 4; lastKnownFileType = sourcecode.c.h; path = CARWheel.h; sourceTree = "<group>"; };
		C31CE13B18EB37AB0037B94D /* CARWheel.m */ = {isa = PBXFileReference; fileEncoding = 4; lastKnownFileType = sourcecode.c.objc; path = CARWheel.m; sourceTree = "<group>"; };
		C31CE13D18EB38080037B94D /* CARBumper.h */ = {isa = PBXFileReference; fileEncoding = 4; lastKnownFileType = sourcecode.c.h; path = CARBumper.h; sourceTree = "<group>"; };
		C31CE13E18EB38080037B94D /* CARBumper.m */ = {isa = PBXFileReference; fileEncoding = 4; lastKnownFileType = sourcecode.c.objc; path = CARBumper.m; sourceTree = "<group>"; };
		C31CE14018EB381E0037B94D /* CARWindow.h */ = {isa = PBXFileReference; fileEncoding = 4; lastKnownFileType = sourcecode.c.h; path = CARWindow.h; sourceTree = "<group>"; };
		C31CE14118EB381E0037B94D /* CARWindow.m */ = {isa = PBXFileReference; fileEncoding = 4; lastKnownFileType = sourcecode.c.objc; path = CARWindow.m; sourceTree = "<group>"; };
		C31CE14318EB38AD0037B94D /* CARIgnition.h */ = {isa = PBXFileReference; fileEncoding = 4; lastKnownFileType = sourcecode.c.h; path = CARIgnition.h; sourceTree = "<group>"; };
		C31CE14418EB38AD0037B94D /* CARIgnition.m */ = {isa = PBXFileReference; fileEncoding = 4; lastKnownFileType = sourcecode.c.objc; path = CARIgnition.m; sourceTree = "<group>"; };
		C31CE14618EB38FF0037B94D /* CARGas.h */ = {isa = PBXFileReference; fileEncoding = 4; lastKnownFileType = sourcecode.c.h; path = CARGas.h; sourceTree = "<group>"; };
		C31CE14718EB38FF0037B94D /* CARGas.m */ = {isa = PBXFileReference; fileEncoding = 4; lastKnownFileType = sourcecode.c.objc; path = CARGas.m; sourceTree = "<group>"; };
		C31CE14C18EB393D0037B94D /* CARBrake.h */ = {isa = PBXFileReference; fileEncoding = 4; lastKnownFileType = sourcecode.c.h; path = CARBrake.h; sourceTree = "<group>"; };
		C31CE14D18EB393D0037B94D /* CARBrake.m */ = {isa = PBXFileReference; fileEncoding = 4; lastKnownFileType = sourcecode.c.objc; path = CARBrake.m; sourceTree = "<group>"; };
/* End PBXFileReference section */

/* Begin PBXFrameworksBuildPhase section */
		C31CE10218EB34580037B94D /* Frameworks */ = {
			isa = PBXFrameworksBuildPhase;
			buildActionMask = 2147483647;
			files = (
				C31CE10B18EB34580037B94D /* CoreGraphics.framework in Frameworks */,
				C31CE10D18EB34580037B94D /* UIKit.framework in Frameworks */,
				C31CE10918EB34580037B94D /* Foundation.framework in Frameworks */,
			);
			runOnlyForDeploymentPostprocessing = 0;
		};
		C31CE11D18EB34580037B94D /* Frameworks */ = {
			isa = PBXFrameworksBuildPhase;
			buildActionMask = 2147483647;
			files = (
				C31CE12218EB34580037B94D /* XCTest.framework in Frameworks */,
				C31CE12418EB34580037B94D /* UIKit.framework in Frameworks */,
				C31CE12318EB34580037B94D /* Foundation.framework in Frameworks */,
			);
			runOnlyForDeploymentPostprocessing = 0;
		};
/* End PBXFrameworksBuildPhase section */

/* Begin PBXGroup section */
		C31CE0FC18EB34580037B94D = {
			isa = PBXGroup;
			children = (
				C31CE10E18EB34580037B94D /* A Car App */,
				C31CE12718EB34580037B94D /* A Car AppTests */,
				C31CE10718EB34580037B94D /* Frameworks */,
				C31CE10618EB34580037B94D /* Products */,
			);
			sourceTree = "<group>";
		};
		C31CE10618EB34580037B94D /* Products */ = {
			isa = PBXGroup;
			children = (
				C31CE10518EB34580037B94D /* A Car App.app */,
				C31CE12018EB34580037B94D /* A Car AppTests.xctest */,
			);
			name = Products;
			sourceTree = "<group>";
		};
		C31CE10718EB34580037B94D /* Frameworks */ = {
			isa = PBXGroup;
			children = (
				C31CE10818EB34580037B94D /* Foundation.framework */,
				C31CE10A18EB34580037B94D /* CoreGraphics.framework */,
				C31CE10C18EB34580037B94D /* UIKit.framework */,
				C31CE12118EB34580037B94D /* XCTest.framework */,
			);
			name = Frameworks;
			sourceTree = "<group>";
		};
		C31CE10E18EB34580037B94D /* A Car App */ = {
			isa = PBXGroup;
			children = (
				C31CE11718EB34580037B94D /* CARAppAppDelegate.h */,
				C31CE11818EB34580037B94D /* CARAppAppDelegate.m */,
				C31CE11A18EB34580037B94D /* Images.xcassets */,
				C31CE10F18EB34580037B94D /* Supporting Files */,
				C31CE13A18EB37AB0037B94D /* CARWheel.h */,
				C31CE13B18EB37AB0037B94D /* CARWheel.m */,
				C31CE13D18EB38080037B94D /* CARBumper.h */,
				C31CE13E18EB38080037B94D /* CARBumper.m */,
				C31CE14018EB381E0037B94D /* CARWindow.h */,
				C31CE14118EB381E0037B94D /* CARWindow.m */,
				C31CE14318EB38AD0037B94D /* CARIgnition.h */,
				C31CE14418EB38AD0037B94D /* CARIgnition.m */,
				C31CE14618EB38FF0037B94D /* CARGas.h */,
				C31CE14718EB38FF0037B94D /* CARGas.m */,
				C31CE14C18EB393D0037B94D /* CARBrake.h */,
				C31CE14D18EB393D0037B94D /* CARBrake.m */,
			);
			path = "A Car App";
			sourceTree = "<group>";
		};
		C31CE10F18EB34580037B94D /* Supporting Files */ = {
			isa = PBXGroup;
			children = (
				C31CE13718EB35360037B94D /* CARRootViewController.h */,
				C31CE13818EB35360037B94D /* CARRootViewController.m */,
				C31CE11018EB34580037B94D /* A Car App-Info.plist */,
				C31CE11118EB34580037B94D /* InfoPlist.strings */,
				C31CE11418EB34580037B94D /* main.m */,
				C31CE11618EB34580037B94D /* A Car App-Prefix.pch */,
			);
			name = "Supporting Files";
			sourceTree = "<group>";
		};
		C31CE12718EB34580037B94D /* A Car AppTests */ = {
			isa = PBXGroup;
			children = (
				C31CE12D18EB34580037B94D /* A_Car_AppTests.m */,
				C31CE12818EB34580037B94D /* Supporting Files */,
			);
			path = "A Car AppTests";
			sourceTree = "<group>";
		};
		C31CE12818EB34580037B94D /* Supporting Files */ = {
			isa = PBXGroup;
			children = (
				C31CE12918EB34580037B94D /* A Car AppTests-Info.plist */,
				C31CE12A18EB34580037B94D /* InfoPlist.strings */,
			);
			name = "Supporting Files";
			sourceTree = "<group>";
		};
/* End PBXGroup section */

/* Begin PBXNativeTarget section */
		C31CE10418EB34580037B94D /* A Car App */ = {
			isa = PBXNativeTarget;
			buildConfigurationList = C31CE13118EB34580037B94D /* Build configuration list for PBXNativeTarget "A Car App" */;
			buildPhases = (
				C31CE10118EB34580037B94D /* Sources */,
				C31CE10218EB34580037B94D /* Frameworks */,
				C31CE10318EB34580037B94D /* Resources */,
			);
			buildRules = (
			);
			dependencies = (
			);
			name = "A Car App";
			productName = "A Car App";
			productReference = C31CE10518EB34580037B94D /* A Car App.app */;
			productType = "com.apple.product-type.application";
		};
		C31CE11F18EB34580037B94D /* A Car AppTests */ = {
			isa = PBXNativeTarget;
			buildConfigurationList = C31CE13418EB34580037B94D /* Build configuration list for PBXNativeTarget "A Car AppTests" */;
			buildPhases = (
				C31CE11C18EB34580037B94D /* Sources */,
				C31CE11D18EB34580037B94D /* Frameworks */,
				C31CE11E18EB34580037B94D /* Resources */,
			);
			buildRules = (
			);
			dependencies = (
				C31CE12618EB34580037B94D /* PBXTargetDependency */,
			);
			name = "A Car AppTests";
			productName = "A Car AppTests";
			productReference = C31CE12018EB34580037B94D /* A Car AppTests.xctest */;
			productType = "com.apple.product-type.bundle.unit-test";
		};
/* End PBXNativeTarget section */

/* Begin PBXProject section */
		C31CE0FD18EB34580037B94D /* Project object */ = {
			isa = PBXProject;
			attributes = {
				CLASSPREFIX = CARApp;
				LastUpgradeCheck = 0510;
				ORGANIZATIONNAME = "Jisha Obukwelu";
				TargetAttributes = {
					C31CE11F18EB34580037B94D = {
						TestTargetID = C31CE10418EB34580037B94D;
					};
				};
			};
			buildConfigurationList = C31CE10018EB34580037B94D /* Build configuration list for PBXProject "A Car App" */;
			compatibilityVersion = "Xcode 3.2";
			developmentRegion = English;
			hasScannedForEncodings = 0;
			knownRegions = (
				en,
			);
			mainGroup = C31CE0FC18EB34580037B94D;
			productRefGroup = C31CE10618EB34580037B94D /* Products */;
			projectDirPath = "";
			projectRoot = "";
			targets = (
				C31CE10418EB34580037B94D /* A Car App */,
				C31CE11F18EB34580037B94D /* A Car AppTests */,
			);
		};
/* End PBXProject section */

/* Begin PBXResourcesBuildPhase section */
		C31CE10318EB34580037B94D /* Resources */ = {
			isa = PBXResourcesBuildPhase;
			buildActionMask = 2147483647;
			files = (
				C31CE11318EB34580037B94D /* InfoPlist.strings in Resources */,
				C31CE11B18EB34580037B94D /* Images.xcassets in Resources */,
			);
			runOnlyForDeploymentPostprocessing = 0;
		};
		C31CE11E18EB34580037B94D /* Resources */ = {
			isa = PBXResourcesBuildPhase;
			buildActionMask = 2147483647;
			files = (
				C31CE12C18EB34580037B94D /* InfoPlist.strings in Resources */,
			);
			runOnlyForDeploymentPostprocessing = 0;
		};
/* End PBXResourcesBuildPhase section */

/* Begin PBXSourcesBuildPhase section */
		C31CE10118EB34580037B94D /* Sources */ = {
			isa = PBXSourcesBuildPhase;
			buildActionMask = 2147483647;
			files = (
				C31CE14218EB381E0037B94D /* CARWindow.m in Sources */,
				C31CE14E18EB393D0037B94D /* CARBrake.m in Sources */,
				C31CE13C18EB37AB0037B94D /* CARWheel.m in Sources */,
				C31CE13918EB35360037B94D /* CARRootViewController.m in Sources */,
				C31CE13F18EB38080037B94D /* CARBumper.m in Sources */,
				C31CE14818EB38FF0037B94D /* CARGas.m in Sources */,
				C31CE14518EB38AD0037B94D /* CARIgnition.m in Sources */,
				C31CE11518EB34580037B94D /* main.m in Sources */,
				C31CE11918EB34580037B94D /* CARAppAppDelegate.m in Sources */,
			);
			runOnlyForDeploymentPostprocessing = 0;
		};
		C31CE11C18EB34580037B94D /* Sources */ = {
			isa = PBXSourcesBuildPhase;
			buildActionMask = 2147483647;
			files = (
				C31CE12E18EB34580037B94D /* A_Car_AppTests.m in Sources */,
			);
			runOnlyForDeploymentPostprocessing = 0;
		};
/* End PBXSourcesBuildPhase section */

/* Begin PBXTargetDependency section */
		C31CE12618EB34580037B94D /* PBXTargetDependency */ = {
			isa = PBXTargetDependency;
			target = C31CE10418EB34580037B94D /* A Car App */;
			targetProxy = C31CE12518EB34580037B94D /* PBXContainerItemProxy */;
		};
/* End PBXTargetDependency section */

/* Begin PBXVariantGroup section */
		C31CE11118EB34580037B94D /* InfoPlist.strings */ = {
			isa = PBXVariantGroup;
			children = (
				C31CE11218EB34580037B94D /* en */,
			);
			name = InfoPlist.strings;
			sourceTree = "<group>";
		};
		C31CE12A18EB34580037B94D /* InfoPlist.strings */ = {
			isa = PBXVariantGroup;
			children = (
				C31CE12B18EB34580037B94D /* en */,
			);
			name = InfoPlist.strings;
			sourceTree = "<group>";
		};
/* End PBXVariantGroup section */

/* Begin XCBuildConfiguration section */
		C31CE12F18EB34580037B94D /* Debug */ = {
			isa = XCBuildConfiguration;
			buildSettings = {
				ALWAYS_SEARCH_USER_PATHS = NO;
				CLANG_CXX_LANGUAGE_STANDARD = "gnu++0x";
				CLANG_CXX_LIBRARY = "libc++";
				CLANG_ENABLE_MODULES = YES;
				CLANG_ENABLE_OBJC_ARC = YES;
				CLANG_WARN_BOOL_CONVERSION = YES;
				CLANG_WARN_CONSTANT_CONVERSION = YES;
				CLANG_WARN_DIRECT_OBJC_ISA_USAGE = YES_ERROR;
				CLANG_WARN_EMPTY_BODY = YES;
				CLANG_WARN_ENUM_CONVERSION = YES;
				CLANG_WARN_INT_CONVERSION = YES;
				CLANG_WARN_OBJC_ROOT_CLASS = YES_ERROR;
				CLANG_WARN__DUPLICATE_METHOD_MATCH = YES;
				"CODE_SIGN_IDENTITY[sdk=iphoneos*]" = "iPhone Developer";
				COPY_PHASE_STRIP = NO;
				GCC_C_LANGUAGE_STANDARD = gnu99;
				GCC_DYNAMIC_NO_PIC = NO;
				GCC_OPTIMIZATION_LEVEL = 0;
				GCC_PREPROCESSOR_DEFINITIONS = (
					"DEBUG=1",
					"$(inherited)",
				);
				GCC_SYMBOLS_PRIVATE_EXTERN = NO;
				GCC_WARN_64_TO_32_BIT_CONVERSION = YES;
				GCC_WARN_ABOUT_RETURN_TYPE = YES_ERROR;
				GCC_WARN_UNDECLARED_SELECTOR = YES;
				GCC_WARN_UNINITIALIZED_AUTOS = YES_AGGRESSIVE;
				GCC_WARN_UNUSED_FUNCTION = YES;
				GCC_WARN_UNUSED_VARIABLE = YES;
				IPHONEOS_DEPLOYMENT_TARGET = 7.1;
				ONLY_ACTIVE_ARCH = YES;
				SDKROOT = iphoneos;
			};
			name = Debug;
		};
		C31CE13018EB34580037B94D /* Release */ = {
			isa = XCBuildConfiguration;
			buildSettings = {
				ALWAYS_SEARCH_USER_PATHS = NO;
				CLANG_CXX_LANGUAGE_STANDARD = "gnu++0x";
				CLANG_CXX_LIBRARY = "libc++";
				CLANG_ENABLE_MODULES = YES;
				CLANG_ENABLE_OBJC_ARC = YES;
				CLANG_WARN_BOOL_CONVERSION = YES;
				CLANG_WARN_CONSTANT_CONVERSION = YES;
				CLANG_WARN_DIRECT_OBJC_ISA_USAGE = YES_ERROR;
				CLANG_WARN_EMPTY_BODY = YES;
				CLANG_WARN_ENUM_CONVERSION = YES;
				CLANG_WARN_INT_CONVERSION = YES;
				CLANG_WARN_OBJC_ROOT_CLASS = YES_ERROR;
				CLANG_WARN__DUPLICATE_METHOD_MATCH = YES;
				"CODE_SIGN_IDENTITY[sdk=iphoneos*]" = "iPhone Developer";
				COPY_PHASE_STRIP = YES;
				ENABLE_NS_ASSERTIONS = NO;
				GCC_C_LANGUAGE_STANDARD = gnu99;
				GCC_WARN_64_TO_32_BIT_CONVERSION = YES;
				GCC_WARN_ABOUT_RETURN_TYPE = YES_ERROR;
				GCC_WARN_UNDECLARED_SELECTOR = YES;
				GCC_WARN_UNINITIALIZED_AUTOS = YES_AGGRESSIVE;
				GCC_WARN_UNUSED_FUNCTION = YES;
				GCC_WARN_UNUSED_VARIABLE = YES;
				IPHONEOS_DEPLOYMENT_TARGET = 7.1;
				SDKROOT = iphoneos;
				VALIDATE_PRODUCT = YES;
			};
			name = Release;
		};
		C31CE13218EB34580037B94D /* Debug */ = {
			isa = XCBuildConfiguration;
			buildSettings = {
				ASSETCATALOG_COMPILER_APPICON_NAME = AppIcon;
				ASSETCATALOG_COMPILER_LAUNCHIMAGE_NAME = LaunchImage;
				GCC_PRECOMPILE_PREFIX_HEADER = YES;
				GCC_PREFIX_HEADER = "A Car App/A Car App-Prefix.pch";
				INFOPLIST_FILE = "A Car App/A Car App-Info.plist";
				IPHONEOS_DEPLOYMENT_TARGET = 7.0;
				PRODUCT_NAME = "$(TARGET_NAME)";
				TARGETED_DEVICE_FAMILY = 1;
				WRAPPER_EXTENSION = app;
			};
			name = Debug;
		};
		C31CE13318EB34580037B94D /* Release */ = {
			isa = XCBuildConfiguration;
			buildSettings = {
				ASSETCATALOG_COMPILER_APPICON_NAME = AppIcon;
				ASSETCATALOG_COMPILER_LAUNCHIMAGE_NAME = LaunchImage;
				GCC_PRECOMPILE_PREFIX_HEADER = YES;
				GCC_PREFIX_HEADER = "A Car App/A Car App-Prefix.pch";
				INFOPLIST_FILE = "A Car App/A Car App-Info.plist";
				IPHONEOS_DEPLOYMENT_TARGET = 7.0;
				PRODUCT_NAME = "$(TARGET_NAME)";
				TARGETED_DEVICE_FAMILY = 1;
				WRAPPER_EXTENSION = app;
			};
			name = Release;
		};
		C31CE13518EB34580037B94D /* Debug */ = {
			isa = XCBuildConfiguration;
			buildSettings = {
				BUNDLE_LOADER = "$(BUILT_PRODUCTS_DIR)/A Car App.app/A Car App";
				FRAMEWORK_SEARCH_PATHS = (
					"$(SDKROOT)/Developer/Library/Frameworks",
					"$(inherited)",
					"$(DEVELOPER_FRAMEWORKS_DIR)",
				);
				GCC_PRECOMPILE_PREFIX_HEADER = YES;
				GCC_PREFIX_HEADER = "A Car App/A Car App-Prefix.pch";
				GCC_PREPROCESSOR_DEFINITIONS = (
					"DEBUG=1",
					"$(inherited)",
				);
				INFOPLIST_FILE = "A Car AppTests/A Car AppTests-Info.plist";
				PRODUCT_NAME = "$(TARGET_NAME)";
				TEST_HOST = "$(BUNDLE_LOADER)";
				WRAPPER_EXTENSION = xctest;
			};
			name = Debug;
		};
		C31CE13618EB34580037B94D /* Release */ = {
			isa = XCBuildConfiguration;
			buildSettings = {
				BUNDLE_LOADER = "$(BUILT_PRODUCTS_DIR)/A Car App.app/A Car App";
				FRAMEWORK_SEARCH_PATHS = (
					"$(SDKROOT)/Developer/Library/Frameworks",
					"$(inherited)",
					"$(DEVELOPER_FRAMEWORKS_DIR)",
				);
				GCC_PRECOMPILE_PREFIX_HEADER = YES;
				GCC_PREFIX_HEADER = "A Car App/A Car App-Prefix.pch";
				INFOPLIST_FILE = "A Car AppTests/A Car AppTests-Info.plist";
				PRODUCT_NAME = "$(TARGET_NAME)";
				TEST_HOST = "$(BUNDLE_LOADER)";
				WRAPPER_EXTENSION = xctest;
			};
			name = Release;
		};
/* End XCBuildConfiguration section */

/* Begin XCConfigurationList section */
		C31CE10018EB34580037B94D /* Build configuration list for PBXProject "A Car App" */ = {
			isa = XCConfigurationList;
			buildConfigurations = (
				C31CE12F18EB34580037B94D /* Debug */,
				C31CE13018EB34580037B94D /* Release */,
			);
			defaultConfigurationIsVisible = 0;
			defaultConfigurationName = Release;
		};
		C31CE13118EB34580037B94D /* Build configuration list for PBXNativeTarget "A Car App" */ = {
			isa = XCConfigurationList;
			buildConfigurations = (
				C31CE13218EB34580037B94D /* Debug */,
				C31CE13318EB34580037B94D /* Release */,
			);
			defaultConfigurationIsVisible = 0;
		};
		C31CE13418EB34580037B94D /* Build configuration list for PBXNativeTarget "A Car AppTests" */ = {
			isa = XCConfigurationList;
			buildConfigurations = (
				C31CE13518EB34580037B94D /* Debug */,
				C31CE13618EB34580037B94D /* Release */,
			);
			defaultConfigurationIsVisible = 0;
		};
/* End XCConfigurationList section */
	};
	rootObject = C31CE0FD18EB34580037B94D /* Project object */;
}
